// !$*UTF8*$!
{
	archiveVersion = 1;
	classes = {
	};
	objectVersion = 48;
	objects = {

/* Begin PBXBuildFile section */
		DD07CF3520679B500063D0A0 /* AVLTree.swift in Sources */ = {isa = PBXBuildFile; fileRef = DD07CF3220679B500063D0A0 /* AVLTree.swift */; };
		DD07CF3620679B500063D0A0 /* data.swift in Sources */ = {isa = PBXBuildFile; fileRef = DD07CF3320679B500063D0A0 /* data.swift */; };
		DD07CF3720679B500063D0A0 /* trie.swift in Sources */ = {isa = PBXBuildFile; fileRef = DD07CF3420679B500063D0A0 /* trie.swift */; };
		DD07CF3920679F3A0063D0A0 /* DetailViewController.swift in Sources */ = {isa = PBXBuildFile; fileRef = DD07CF3820679F3A0063D0A0 /* DetailViewController.swift */; };
		DDBA1E3820593DC600574AD4 /* AppDelegate.swift in Sources */ = {isa = PBXBuildFile; fileRef = DDBA1E3720593DC600574AD4 /* AppDelegate.swift */; };
		DDBA1E3A20593DC600574AD4 /* ViewController.swift in Sources */ = {isa = PBXBuildFile; fileRef = DDBA1E3920593DC600574AD4 /* ViewController.swift */; };
		DDBA1E3D20593DC600574AD4 /* Main.storyboard in Resources */ = {isa = PBXBuildFile; fileRef = DDBA1E3B20593DC600574AD4 /* Main.storyboard */; };
		DDBA1E3F20593DC600574AD4 /* Assets.xcassets in Resources */ = {isa = PBXBuildFile; fileRef = DDBA1E3E20593DC600574AD4 /* Assets.xcassets */; };
		DDBA1E4220593DC600574AD4 /* LaunchScreen.storyboard in Resources */ = {isa = PBXBuildFile; fileRef = DDBA1E4020593DC600574AD4 /* LaunchScreen.storyboard */; };
/* End PBXBuildFile section */

/* Begin PBXFileReference section */
		DD07CF3220679B500063D0A0 /* AVLTree.swift */ = {isa = PBXFileReference; fileEncoding = 4; lastKnownFileType = sourcecode.swift; name = AVLTree.swift; path = models/AVLTree.swift; sourceTree = "<group>"; };
		DD07CF3320679B500063D0A0 /* data.swift */ = {isa = PBXFileReference; fileEncoding = 4; lastKnownFileType = sourcecode.swift; name = data.swift; path = models/data.swift; sourceTree = "<group>"; };
		DD07CF3420679B500063D0A0 /* trie.swift */ = {isa = PBXFileReference; fileEncoding = 4; lastKnownFileType = sourcecode.swift; name = trie.swift; path = models/trie.swift; sourceTree = "<group>"; };
		DD07CF3820679F3A0063D0A0 /* DetailViewController.swift */ = {isa = PBXFileReference; lastKnownFileType = sourcecode.swift; path = DetailViewController.swift; sourceTree = "<group>"; };
		DDBA1E3420593DC600574AD4 /* Prefix Tree.app */ = {isa = PBXFileReference; explicitFileType = wrapper.application; includeInIndex = 0; path = "Prefix Tree.app"; sourceTree = BUILT_PRODUCTS_DIR; };
		DDBA1E3720593DC600574AD4 /* AppDelegate.swift */ = {isa = PBXFileReference; lastKnownFileType = sourcecode.swift; path = AppDelegate.swift; sourceTree = "<group>"; };
		DDBA1E3920593DC600574AD4 /* ViewController.swift */ = {isa = PBXFileReference; lastKnownFileType = sourcecode.swift; path = ViewController.swift; sourceTree = "<group>"; };
		DDBA1E3C20593DC600574AD4 /* Base */ = {isa = PBXFileReference; lastKnownFileType = file.storyboard; name = Base; path = Base.lproj/Main.storyboard; sourceTree = "<group>"; };
		DDBA1E3E20593DC600574AD4 /* Assets.xcassets */ = {isa = PBXFileReference; lastKnownFileType = folder.assetcatalog; path = Assets.xcassets; sourceTree = "<group>"; };
		DDBA1E4120593DC600574AD4 /* Base */ = {isa = PBXFileReference; lastKnownFileType = file.storyboard; name = Base; path = Base.lproj/LaunchScreen.storyboard; sourceTree = "<group>"; };
		DDBA1E4320593DC600574AD4 /* Info.plist */ = {isa = PBXFileReference; lastKnownFileType = text.plist.xml; path = Info.plist; sourceTree = "<group>"; };
/* End PBXFileReference section */

/* Begin PBXFrameworksBuildPhase section */
		DDBA1E3120593DC600574AD4 /* Frameworks */ = {
			isa = PBXFrameworksBuildPhase;
			buildActionMask = 2147483647;
			files = (
			);
			runOnlyForDeploymentPostprocessing = 0;
		};
/* End PBXFrameworksBuildPhase section */

/* Begin PBXGroup section */
		DDBA1E2B20593DC500574AD4 = {
			isa = PBXGroup;
			children = (
				DDBA1E3620593DC600574AD4 /* Prefix Tree */,
				DDBA1E3520593DC600574AD4 /* Products */,
			);
			sourceTree = "<group>";
		};
		DDBA1E3520593DC600574AD4 /* Products */ = {
			isa = PBXGroup;
			children = (
				DDBA1E3420593DC600574AD4 /* Prefix Tree.app */,
			);
			name = Products;
			sourceTree = "<group>";
		};
		DDBA1E3620593DC600574AD4 /* Prefix Tree */ = {
			isa = PBXGroup;
			children = (
				DD07CF3220679B500063D0A0 /* AVLTree.swift */,
				DD07CF3320679B500063D0A0 /* data.swift */,
				DD07CF3420679B500063D0A0 /* trie.swift */,
				DDBA1E3720593DC600574AD4 /* AppDelegate.swift */,
				DDBA1E3920593DC600574AD4 /* ViewController.swift */,
				DD07CF3820679F3A0063D0A0 /* DetailViewController.swift */,
				DDBA1E3B20593DC600574AD4 /* Main.storyboard */,
				DDBA1E3E20593DC600574AD4 /* Assets.xcassets */,
				DDBA1E4020593DC600574AD4 /* LaunchScreen.storyboard */,
				DDBA1E4320593DC600574AD4 /* Info.plist */,
			);
			path = "Prefix Tree";
			sourceTree = "<group>";
		};
/* End PBXGroup section */

/* Begin PBXNativeTarget section */
		DDBA1E3320593DC600574AD4 /* Prefix Tree */ = {
			isa = PBXNativeTarget;
			buildConfigurationList = DDBA1E4620593DC600574AD4 /* Build configuration list for PBXNativeTarget "Prefix Tree" */;
			buildPhases = (
				DDBA1E3020593DC600574AD4 /* Sources */,
				DDBA1E3120593DC600574AD4 /* Frameworks */,
				DDBA1E3220593DC600574AD4 /* Resources */,
			);
			buildRules = (
			);
			dependencies = (
			);
			name = "Prefix Tree";
			productName = "Prefix Tree";
			productReference = DDBA1E3420593DC600574AD4 /* Prefix Tree.app */;
			productType = "com.apple.product-type.application";
		};
/* End PBXNativeTarget section */

/* Begin PBXProject section */
		DDBA1E2C20593DC500574AD4 /* Project object */ = {
			isa = PBXProject;
			attributes = {
				LastSwiftUpdateCheck = 0920;
				LastUpgradeCheck = 0920;
				ORGANIZATIONNAME = "Dai Long";
				TargetAttributes = {
					DDBA1E3320593DC600574AD4 = {
						CreatedOnToolsVersion = 9.2;
						ProvisioningStyle = Automatic;
					};
				};
			};
			buildConfigurationList = DDBA1E2F20593DC500574AD4 /* Build configuration list for PBXProject "Prefix Tree" */;
			compatibilityVersion = "Xcode 8.0";
			developmentRegion = en;
			hasScannedForEncodings = 0;
			knownRegions = (
				en,
				Base,
			);
			mainGroup = DDBA1E2B20593DC500574AD4;
			productRefGroup = DDBA1E3520593DC600574AD4 /* Products */;
			projectDirPath = "";
			projectRoot = "";
			targets = (
				DDBA1E3320593DC600574AD4 /* Prefix Tree */,
			);
		};
/* End PBXProject section */

/* Begin PBXResourcesBuildPhase section */
		DDBA1E3220593DC600574AD4 /* Resources */ = {
			isa = PBXResourcesBuildPhase;
			buildActionMask = 2147483647;
			files = (
				DDBA1E4220593DC600574AD4 /* LaunchScreen.storyboard in Resources */,
				DDBA1E3F20593DC600574AD4 /* Assets.xcassets in Resources */,
				DDBA1E3D20593DC600574AD4 /* Main.storyboard in Resources */,
			);
			runOnlyForDeploymentPostprocessing = 0;
		};
/* End PBXResourcesBuildPhase section */

/* Begin PBXSourcesBuildPhase section */
		DDBA1E3020593DC600574AD4 /* Sources */ = {
			isa = PBXSourcesBuildPhase;
			buildActionMask = 2147483647;
			files = (
				DD07CF3520679B500063D0A0 /* AVLTree.swift in Sources */,
				DD07CF3720679B500063D0A0 /* trie.swift in Sources */,
				DDBA1E3A20593DC600574AD4 /* ViewController.swift in Sources */,
				DD07CF3920679F3A0063D0A0 /* DetailViewController.swift in Sources */,
				DDBA1E3820593DC600574AD4 /* AppDelegate.swift in Sources */,
				DD07CF3620679B500063D0A0 /* data.swift in Sources */,
			);
			runOnlyForDeploymentPostprocessing = 0;
		};
/* End PBXSourcesBuildPhase section */

/* Begin PBXVariantGroup section */
		DDBA1E3B20593DC600574AD4 /* Main.storyboard */ = {
			isa = PBXVariantGroup;
			children = (
				DDBA1E3C20593DC600574AD4 /* Base */,
			);
			name = Main.storyboard;
			sourceTree = "<group>";
		};
		DDBA1E4020593DC600574AD4 /* LaunchScreen.storyboard */ = {
			isa = PBXVariantGroup;
			children = (
				DDBA1E4120593DC600574AD4 /* Base */,
			);
			name = LaunchScreen.storyboard;
			sourceTree = "<group>";
		};
/* End PBXVariantGroup section */

/* Begin XCBuildConfiguration section */
		DDBA1E4420593DC600574AD4 /* Debug */ = {
			isa = XCBuildConfiguration;
			buildSettings = {
				ALWAYS_SEARCH_USER_PATHS = NO;
				CLANG_ANALYZER_NONNULL = YES;
				CLANG_ANALYZER_NUMBER_OBJECT_CONVERSION = YES_AGGRESSIVE;
				CLANG_CXX_LANGUAGE_STANDARD = "gnu++14";
				CLANG_CXX_LIBRARY = "libc++";
				CLANG_ENABLE_MODULES = YES;
				CLANG_ENABLE_OBJC_ARC = YES;
				CLANG_WARN_BLOCK_CAPTURE_AUTORELEASING = YES;
				CLANG_WARN_BOOL_CONVERSION = YES;
				CLANG_WARN_COMMA = YES;
				CLANG_WARN_CONSTANT_CONVERSION = YES;
				CLANG_WARN_DIRECT_OBJC_ISA_USAGE = YES_ERROR;
				CLANG_WARN_DOCUMENTATION_COMMENTS = YES;
				CLANG_WARN_EMPTY_BODY = YES;
				CLANG_WARN_ENUM_CONVERSION = YES;
				CLANG_WARN_INFINITE_RECURSION = YES;
				CLANG_WARN_INT_CONVERSION = YES;
				CLANG_WARN_NON_LITERAL_NULL_CONVERSION = YES;
				CLANG_WARN_OBJC_LITERAL_CONVERSION = YES;
				CLANG_WARN_OBJC_ROOT_CLASS = YES_ERROR;
				CLANG_WARN_RANGE_LOOP_ANALYSIS = YES;
				CLANG_WARN_STRICT_PROTOTYPES = YES;
				CLANG_WARN_SUSPICIOUS_MOVE = YES;
				CLANG_WARN_UNGUARDED_AVAILABILITY = YES_AGGRESSIVE;
				CLANG_WARN_UNREACHABLE_CODE = YES;
				CLANG_WARN__DUPLICATE_METHOD_MATCH = YES;
				CODE_SIGN_IDENTITY = "iPhone Developer";
				COPY_PHASE_STRIP = NO;
				DEBUG_INFORMATION_FORMAT = dwarf;
				ENABLE_STRICT_OBJC_MSGSEND = YES;
				ENABLE_TESTABILITY = YES;
				GCC_C_LANGUAGE_STANDARD = gnu11;
				GCC_DYNAMIC_NO_PIC = NO;
				GCC_NO_COMMON_BLOCKS = YES;
				GCC_OPTIMIZATION_LEVEL = 0;
				GCC_PREPROCESSOR_DEFINITIONS = (
					"DEBUG=1",
					"$(inherited)",
				);
				GCC_WARN_64_TO_32_BIT_CONVERSION = YES;
				GCC_WARN_ABOUT_RETURN_TYPE = YES_ERROR;
				GCC_WARN_UNDECLARED_SELECTOR = YES;
				GCC_WARN_UNINITIALIZED_AUTOS = YES_AGGRESSIVE;
				GCC_WARN_UNUSED_FUNCTION = YES;
				GCC_WARN_UNUSED_VARIABLE = YES;
				IPHONEOS_DEPLOYMENT_TARGET = 11.2;
				MTL_ENABLE_DEBUG_INFO = YES;
				ONLY_ACTIVE_ARCH = YES;
				SDKROOT = iphoneos;
				SWIFT_ACTIVE_COMPILATION_CONDITIONS = DEBUG;
				SWIFT_OPTIMIZATION_LEVEL = "-Onone";
			};
			name = Debug;
		};
		DDBA1E4520593DC600574AD4 /* Release */ = {
			isa = XCBuildConfiguration;
			buildSettings = {
				ALWAYS_SEARCH_USER_PATHS = NO;
				CLANG_ANALYZER_NONNULL = YES;
				CLANG_ANALYZER_NUMBER_OBJECT_CONVERSION = YES_AGGRESSIVE;
				CLANG_CXX_LANGUAGE_STANDARD = "gnu++14";
				CLANG_CXX_LIBRARY = "libc++";
				CLANG_ENABLE_MODULES = YES;
				CLANG_ENABLE_OBJC_ARC = YES;
				CLANG_WARN_BLOCK_CAPTURE_AUTORELEASING = YES;
				CLANG_WARN_BOOL_CONVERSION = YES;
				CLANG_WARN_COMMA = YES;
				CLANG_WARN_CONSTANT_CONVERSION = YES;
				CLANG_WARN_DIRECT_OBJC_ISA_USAGE = YES_ERROR;
				CLANG_WARN_DOCUMENTATION_COMMENTS = YES;
				CLANG_WARN_EMPTY_BODY = YES;
				CLANG_WARN_ENUM_CONVERSION = YES;
				CLANG_WARN_INFINITE_RECURSION = YES;
				CLANG_WARN_INT_CONVERSION = YES;
				CLANG_WARN_NON_LITERAL_NULL_CONVERSION = YES;
				CLANG_WARN_OBJC_LITERAL_CONVERSION = YES;
				CLANG_WARN_OBJC_ROOT_CLASS = YES_ERROR;
				CLANG_WARN_RANGE_LOOP_ANALYSIS = YES;
				CLANG_WARN_STRICT_PROTOTYPES = YES;
				CLANG_WARN_SUSPICIOUS_MOVE = YES;
				CLANG_WARN_UNGUARDED_AVAILABILITY = YES_AGGRESSIVE;
				CLANG_WARN_UNREACHABLE_CODE = YES;
				CLANG_WARN__DUPLICATE_METHOD_MATCH = YES;
				CODE_SIGN_IDENTITY = "iPhone Developer";
				COPY_PHASE_STRIP = NO;
				DEBUG_INFORMATION_FORMAT = "dwarf-with-dsym";
				ENABLE_NS_ASSERTIONS = NO;
				ENABLE_STRICT_OBJC_MSGSEND = YES;
				GCC_C_LANGUAGE_STANDARD = gnu11;
				GCC_NO_COMMON_BLOCKS = YES;
				GCC_WARN_64_TO_32_BIT_CONVERSION = YES;
				GCC_WARN_ABOUT_RETURN_TYPE = YES_ERROR;
				GCC_WARN_UNDECLARED_SELECTOR = YES;
				GCC_WARN_UNINITIALIZED_AUTOS = YES_AGGRESSIVE;
				GCC_WARN_UNUSED_FUNCTION = YES;
				GCC_WARN_UNUSED_VARIABLE = YES;
				IPHONEOS_DEPLOYMENT_TARGET = 11.2;
				MTL_ENABLE_DEBUG_INFO = NO;
				SDKROOT = iphoneos;
				SWIFT_OPTIMIZATION_LEVEL = "-Owholemodule";
				VALIDATE_PRODUCT = YES;
			};
			name = Release;
		};
		DDBA1E4720593DC600574AD4 /* Debug */ = {
			isa = XCBuildConfiguration;
			buildSettings = {
				ASSETCATALOG_COMPILER_APPICON_NAME = AppIcon;
				CODE_SIGN_STYLE = Automatic;
				DEVELOPMENT_TEAM = 6ET8M5YC3Y;
				INFOPLIST_FILE = "Prefix Tree/Info.plist";
				IPHONEOS_DEPLOYMENT_TARGET = 11.0;
				LD_RUNPATH_SEARCH_PATHS = "$(inherited) @executable_path/Frameworks";
				PRODUCT_BUNDLE_IDENTIFIER = "Dailong.Prefix-Tree";
				PRODUCT_NAME = "$(TARGET_NAME)";
				SWIFT_VERSION = 4.0;
				TARGETED_DEVICE_FAMILY = 1;
			};
			name = Debug;
		};
		DDBA1E4820593DC600574AD4 /* Release */ = {
			isa = XCBuildConfiguration;
			buildSettings = {
				ASSETCATALOG_COMPILER_APPICON_NAME = AppIcon;
				CODE_SIGN_STYLE = Automatic;
				DEVELOPMENT_TEAM = 6ET8M5YC3Y;
				INFOPLIST_FILE = "Prefix Tree/Info.plist";
				IPHONEOS_DEPLOYMENT_TARGET = 11.0;
				LD_RUNPATH_SEARCH_PATHS = "$(inherited) @executable_path/Frameworks";
				PRODUCT_BUNDLE_IDENTIFIER = "Dailong.Prefix-Tree";
				PRODUCT_NAME = "$(TARGET_NAME)";
				SWIFT_VERSION = 4.0;
				TARGETED_DEVICE_FAMILY = 1;
			};
			name = Release;
		};
/* End XCBuildConfiguration section */

/* Begin XCConfigurationList section */
		DDBA1E2F20593DC500574AD4 /* Build configuration list for PBXProject "Prefix Tree" */ = {
			isa = XCConfigurationList;
			buildConfigurations = (
				DDBA1E4420593DC600574AD4 /* Debug */,
				DDBA1E4520593DC600574AD4 /* Release */,
			);
			defaultConfigurationIsVisible = 0;
			defaultConfigurationName = Release;
		};
		DDBA1E4620593DC600574AD4 /* Build configuration list for PBXNativeTarget "Prefix Tree" */ = {
			isa = XCConfigurationList;
			buildConfigurations = (
				DDBA1E4720593DC600574AD4 /* Debug */,
				DDBA1E4820593DC600574AD4 /* Release */,
			);
			defaultConfigurationIsVisible = 0;
			defaultConfigurationName = Release;
		};
/* End XCConfigurationList section */
	};
	rootObject = DDBA1E2C20593DC500574AD4 /* Project object */;
}
